
Microsoft Visual Studio Solution File, Format Version 12.00
# Visual Studio Version 16
VisualStudioVersion = 16.0.30804.86
MinimumVisualStudioVersion = 15.0.26124.0
Project("{2150E333-8FDC-42A3-9474-1A3956D46DE8}") = "test", "test", "{BB804046-CCF0-44D7-A6E6-346651935E87}"
EndProject
Project("{9A19103F-16F7-4668-BE54-9A1E7A4F7556}") = "AIH.ERP.Analytic.Test", "test\AIH.ERP.Analytic.Test\AIH.ERP.Analytic.Test.csproj", "{44597956-6F1A-42A7-9A04-F131450D6C1C}"
EndProject
Project("{2150E333-8FDC-42A3-9474-1A3956D46DE8}") = "src", "src", "{C67CAA53-B202-406E-941F-B50891E07A94}"
EndProject
Project("{9A19103F-16F7-4668-BE54-9A1E7A4F7556}") = "AIH.ERP.Analytic.API", "src\AIH.ERP.Analytic.API\AIH.ERP.Analytic.API.csproj", "{408CC040-9387-4314-A88B-E6665CB6C4F2}"
EndProject
Project("{9A19103F-16F7-4668-BE54-9A1E7A4F7556}") = "AIH.ERP.Analytic.Application", "src\AIH.ERP.Analytic.Application\AIH.ERP.Analytic.Application.csproj", "{DC5CED2A-A86A-4BC9-B4C4-ED255D4BF501}"
EndProject
Project("{9A19103F-16F7-4668-BE54-9A1E7A4F7556}") = "AIH.ERP.Analytic.Domain", "src\AIH.ERP.Analytic.Domain\AIH.ERP.Analytic.Domain.csproj", "{1F9E0809-A4EF-4B09-91AB-586058C341B6}"
EndProject
Project("{9A19103F-16F7-4668-BE54-9A1E7A4F7556}") = "AIH.ERP.Analytic.Shared", "src\AIH.ERP.Analytic.Shared\AIH.ERP.Analytic.Shared.csproj", "{457DDFE7-28D0-41CD-B22D-F179C3F8E773}"
EndProject
Project("{9A19103F-16F7-4668-BE54-9A1E7A4F7556}") = "AIH.ERP.Analytic.DataAccess", "src\AIH.ERP.Analytic.DataAccess\AIH.ERP.Analytic.DataAccess.csproj", "{0F526040-F3A5-452F-9505-A9BF163DCB0F}"
EndProject
Project("{9A19103F-16F7-4668-BE54-9A1E7A4F7556}") = "AIH.ERP.Analytic.Client", "src\AIH.ERP.Analytic.Client\AIH.ERP.Analytic.Client.csproj", "{C1D2DE12-0839-4E56-83BF-D85022889C98}"
EndProject
Project("{9A19103F-16F7-4668-BE54-9A1E7A4F7556}") = "front_end", "front-end-template\front_end.csproj", "{C1D2DE14-0839-4E56-83BF-D85022889C99}"
EndProject
Global
	GlobalSection(SolutionConfigurationPlatforms) = preSolution
		Debug|Any CPU = Debug|Any CPU
		Debug|x64 = Debug|x64
		Debug|x86 = Debug|x86
		Release|Any CPU = Release|Any CPU
		Release|x64 = Release|x64
		Release|x86 = Release|x86
	EndGlobalSection
	GlobalSection(ProjectConfigurationPlatforms) = postSolution
		{44597956-6F1A-42A7-9A04-F131450D6C1C}.Debug|Any CPU.ActiveCfg = Debug|Any CPU
		{44597956-6F1A-42A7-9A04-F131450D6C1C}.Debug|Any CPU.Build.0 = Debug|Any CPU
		{44597956-6F1A-42A7-9A04-F131450D6C1C}.Debug|x64.ActiveCfg = Debug|Any CPU
		{44597956-6F1A-42A7-9A04-F131450D6C1C}.Debug|x64.Build.0 = Debug|Any CPU
		{44597956-6F1A-42A7-9A04-F131450D6C1C}.Debug|x86.ActiveCfg = Debug|Any CPU
		{44597956-6F1A-42A7-9A04-F131450D6C1C}.Debug|x86.Build.0 = Debug|Any CPU
		{44597956-6F1A-42A7-9A04-F131450D6C1C}.Release|Any CPU.ActiveCfg = Release|Any CPU
		{44597956-6F1A-42A7-9A04-F131450D6C1C}.Release|Any CPU.Build.0 = Release|Any CPU
		{44597956-6F1A-42A7-9A04-F131450D6C1C}.Release|x64.ActiveCfg = Release|Any CPU
		{44597956-6F1A-42A7-9A04-F131450D6C1C}.Release|x64.Build.0 = Release|Any CPU
		{44597956-6F1A-42A7-9A04-F131450D6C1C}.Release|x86.ActiveCfg = Release|Any CPU
		{44597956-6F1A-42A7-9A04-F131450D6C1C}.Release|x86.Build.0 = Release|Any CPU
		{408CC040-9387-4314-A88B-E6665CB6C4F2}.Debug|Any CPU.ActiveCfg = Debug|Any CPU
		{408CC040-9387-4314-A88B-E6665CB6C4F2}.Debug|Any CPU.Build.0 = Debug|Any CPU
		{408CC040-9387-4314-A88B-E6665CB6C4F2}.Debug|x64.ActiveCfg = Debug|Any CPU
		{408CC040-9387-4314-A88B-E6665CB6C4F2}.Debug|x64.Build.0 = Debug|Any CPU
		{408CC040-9387-4314-A88B-E6665CB6C4F2}.Debug|x86.ActiveCfg = Debug|Any CPU
		{408CC040-9387-4314-A88B-E6665CB6C4F2}.Debug|x86.Build.0 = Debug|Any CPU
		{408CC040-9387-4314-A88B-E6665CB6C4F2}.Release|Any CPU.ActiveCfg = Release|Any CPU
		{408CC040-9387-4314-A88B-E6665CB6C4F2}.Release|Any CPU.Build.0 = Release|Any CPU
		{408CC040-9387-4314-A88B-E6665CB6C4F2}.Release|x64.ActiveCfg = Release|Any CPU
		{408CC040-9387-4314-A88B-E6665CB6C4F2}.Release|x64.Build.0 = Release|Any CPU
		{408CC040-9387-4314-A88B-E6665CB6C4F2}.Release|x86.ActiveCfg = Release|Any CPU
		{408CC040-9387-4314-A88B-E6665CB6C4F2}.Release|x86.Build.0 = Release|Any CPU
		{DC5CED2A-A86A-4BC9-B4C4-ED255D4BF501}.Debug|Any CPU.ActiveCfg = Debug|Any CPU
		{DC5CED2A-A86A-4BC9-B4C4-ED255D4BF501}.Debug|Any CPU.Build.0 = Debug|Any CPU
		{DC5CED2A-A86A-4BC9-B4C4-ED255D4BF501}.Debug|x64.ActiveCfg = Debug|Any CPU
		{DC5CED2A-A86A-4BC9-B4C4-ED255D4BF501}.Debug|x64.Build.0 = Debug|Any CPU
		{DC5CED2A-A86A-4BC9-B4C4-ED255D4BF501}.Debug|x86.ActiveCfg = Debug|Any CPU
		{DC5CED2A-A86A-4BC9-B4C4-ED255D4BF501}.Debug|x86.Build.0 = Debug|Any CPU
		{DC5CED2A-A86A-4BC9-B4C4-ED255D4BF501}.Release|Any CPU.ActiveCfg = Release|Any CPU
		{DC5CED2A-A86A-4BC9-B4C4-ED255D4BF501}.Release|Any CPU.Build.0 = Release|Any CPU
		{DC5CED2A-A86A-4BC9-B4C4-ED255D4BF501}.Release|x64.ActiveCfg = Release|Any CPU
		{DC5CED2A-A86A-4BC9-B4C4-ED255D4BF501}.Release|x64.Build.0 = Release|Any CPU
		{DC5CED2A-A86A-4BC9-B4C4-ED255D4BF501}.Release|x86.ActiveCfg = Release|Any CPU
		{DC5CED2A-A86A-4BC9-B4C4-ED255D4BF501}.Release|x86.Build.0 = Release|Any CPU
		{1F9E0809-A4EF-4B09-91AB-586058C341B6}.Debug|Any CPU.ActiveCfg = Debug|Any CPU
		{1F9E0809-A4EF-4B09-91AB-586058C341B6}.Debug|Any CPU.Build.0 = Debug|Any CPU
		{1F9E0809-A4EF-4B09-91AB-586058C341B6}.Debug|x64.ActiveCfg = Debug|Any CPU
		{1F9E0809-A4EF-4B09-91AB-586058C341B6}.Debug|x64.Build.0 = Debug|Any CPU
		{1F9E0809-A4EF-4B09-91AB-586058C341B6}.Debug|x86.ActiveCfg = Debug|Any CPU
		{1F9E0809-A4EF-4B09-91AB-586058C341B6}.Debug|x86.Build.0 = Debug|Any CPU
		{1F9E0809-A4EF-4B09-91AB-586058C341B6}.Release|Any CPU.ActiveCfg = Release|Any CPU
		{1F9E0809-A4EF-4B09-91AB-586058C341B6}.Release|Any CPU.Build.0 = Release|Any CPU
		{1F9E0809-A4EF-4B09-91AB-586058C341B6}.Release|x64.ActiveCfg = Release|Any CPU
		{1F9E0809-A4EF-4B09-91AB-586058C341B6}.Release|x64.Build.0 = Release|Any CPU
		{1F9E0809-A4EF-4B09-91AB-586058C341B6}.Release|x86.ActiveCfg = Release|Any CPU
		{1F9E0809-A4EF-4B09-91AB-586058C341B6}.Release|x86.Build.0 = Release|Any CPU
		{457DDFE7-28D0-41CD-B22D-F179C3F8E773}.Debug|Any CPU.ActiveCfg = Debug|Any CPU
		{457DDFE7-28D0-41CD-B22D-F179C3F8E773}.Debug|Any CPU.Build.0 = Debug|Any CPU
		{457DDFE7-28D0-41CD-B22D-F179C3F8E773}.Debug|x64.ActiveCfg = Debug|Any CPU
		{457DDFE7-28D0-41CD-B22D-F179C3F8E773}.Debug|x64.Build.0 = Debug|Any CPU
		{457DDFE7-28D0-41CD-B22D-F179C3F8E773}.Debug|x86.ActiveCfg = Debug|Any CPU
		{457DDFE7-28D0-41CD-B22D-F179C3F8E773}.Debug|x86.Build.0 = Debug|Any CPU
		{457DDFE7-28D0-41CD-B22D-F179C3F8E773}.Release|Any CPU.ActiveCfg = Release|Any CPU
		{457DDFE7-28D0-41CD-B22D-F179C3F8E773}.Release|Any CPU.Build.0 = Release|Any CPU
		{457DDFE7-28D0-41CD-B22D-F179C3F8E773}.Release|x64.ActiveCfg = Release|Any CPU
		{457DDFE7-28D0-41CD-B22D-F179C3F8E773}.Release|x64.Build.0 = Release|Any CPU
		{457DDFE7-28D0-41CD-B22D-F179C3F8E773}.Release|x86.ActiveCfg = Release|Any CPU
		{457DDFE7-28D0-41CD-B22D-F179C3F8E773}.Release|x86.Build.0 = Release|Any CPU
		{0F526040-F3A5-452F-9505-A9BF163DCB0F}.Debug|Any CPU.ActiveCfg = Debug|Any CPU
		{0F526040-F3A5-452F-9505-A9BF163DCB0F}.Debug|Any CPU.Build.0 = Debug|Any CPU
		{0F526040-F3A5-452F-9505-A9BF163DCB0F}.Debug|x64.ActiveCfg = Debug|Any CPU
		{0F526040-F3A5-452F-9505-A9BF163DCB0F}.Debug|x64.Build.0 = Debug|Any CPU
		{0F526040-F3A5-452F-9505-A9BF163DCB0F}.Debug|x86.ActiveCfg = Debug|Any CPU
		{0F526040-F3A5-452F-9505-A9BF163DCB0F}.Debug|x86.Build.0 = Debug|Any CPU
		{0F526040-F3A5-452F-9505-A9BF163DCB0F}.Release|Any CPU.ActiveCfg = Release|Any CPU
		{0F526040-F3A5-452F-9505-A9BF163DCB0F}.Release|Any CPU.Build.0 = Release|Any CPU
		{0F526040-F3A5-452F-9505-A9BF163DCB0F}.Release|x64.ActiveCfg = Release|Any CPU
		{0F526040-F3A5-452F-9505-A9BF163DCB0F}.Release|x64.Build.0 = Release|Any CPU
		{0F526040-F3A5-452F-9505-A9BF163DCB0F}.Release|x86.ActiveCfg = Release|Any CPU
		{0F526040-F3A5-452F-9505-A9BF163DCB0F}.Release|x86.Build.0 = Release|Any CPU
		{C1D2DE12-0839-4E56-83BF-D85022889C98}.Debug|Any CPU.ActiveCfg = Debug|Any CPU
		{C1D2DE12-0839-4E56-83BF-D85022889C98}.Debug|Any CPU.Build.0 = Debug|Any CPU
		{C1D2DE12-0839-4E56-83BF-D85022889C98}.Debug|x64.ActiveCfg = Debug|Any CPU
		{C1D2DE12-0839-4E56-83BF-D85022889C98}.Debug|x64.Build.0 = Debug|Any CPU
		{C1D2DE12-0839-4E56-83BF-D85022889C98}.Debug|x86.ActiveCfg = Debug|Any CPU
		{C1D2DE12-0839-4E56-83BF-D85022889C98}.Debug|x86.Build.0 = Debug|Any CPU
		{C1D2DE12-0839-4E56-83BF-D85022889C98}.Release|Any CPU.ActiveCfg = Release|Any CPU
		{C1D2DE12-0839-4E56-83BF-D85022889C98}.Release|Any CPU.Build.0 = Release|Any CPU
		{C1D2DE12-0839-4E56-83BF-D85022889C98}.Release|x64.ActiveCfg = Release|Any CPU
		{C1D2DE12-0839-4E56-83BF-D85022889C98}.Release|x64.Build.0 = Release|Any CPU
		{C1D2DE12-0839-4E56-83BF-D85022889C98}.Release|x86.ActiveCfg = Release|Any CPU
		{C1D2DE12-0839-4E56-83BF-D85022889C98}.Release|x86.Build.0 = Release|Any CPU
		{C1D2DE14-0839-4E56-83BF-D85022889C99}.Debug|Any CPU.ActiveCfg = Debug|Any CPU
		{C1D2DE14-0839-4E56-83BF-D85022889C99}.Debug|Any CPU.Build.0 = Debug|Any CPU
		{C1D2DE14-0839-4E56-83BF-D85022889C99}.Debug|x64.ActiveCfg = Debug|Any CPU
		{C1D2DE14-0839-4E56-83BF-D85022889C99}.Debug|x64.Build.0 = Debug|Any CPU
		{C1D2DE14-0839-4E56-83BF-D85022889C99}.Debug|x86.ActiveCfg = Debug|Any CPU
		{C1D2DE14-0839-4E56-83BF-D85022889C99}.Debug|x86.Build.0 = Debug|Any CPU
		{C1D2DE14-0839-4E56-83BF-D85022889C99}.Release|Any CPU.ActiveCfg = Release|Any CPU
		{C1D2DE14-0839-4E56-83BF-D85022889C99}.Release|Any CPU.Build.0 = Release|Any CPU
		{C1D2DE14-0839-4E56-83BF-D85022889C99}.Release|x64.ActiveCfg = Release|Any CPU
		{C1D2DE14-0839-4E56-83BF-D85022889C99}.Release|x64.Build.0 = Release|Any CPU
		{C1D2DE14-0839-4E56-83BF-D85022889C99}.Release|x86.ActiveCfg = Release|Any CPU
		{C1D2DE14-0839-4E56-83BF-D85022889C99}.Release|x86.Build.0 = Release|Any CPU
	EndGlobalSection
	GlobalSection(SolutionProperties) = preSolution
		HideSolutionNode = FALSE
	EndGlobalSection
	GlobalSection(NestedProjects) = preSolution
		{44597956-6F1A-42A7-9A04-F131450D6C1C} = {BB804046-CCF0-44D7-A6E6-346651935E87}
		{408CC040-9387-4314-A88B-E6665CB6C4F2} = {C67CAA53-B202-406E-941F-B50891E07A94}
		{DC5CED2A-A86A-4BC9-B4C4-ED255D4BF501} = {C67CAA53-B202-406E-941F-B50891E07A94}
		{1F9E0809-A4EF-4B09-91AB-586058C341B6} = {C67CAA53-B202-406E-941F-B50891E07A94}
		{457DDFE7-28D0-41CD-B22D-F179C3F8E773} = {C67CAA53-B202-406E-941F-B50891E07A94}
		{0F526040-F3A5-452F-9505-A9BF163DCB0F} = {C67CAA53-B202-406E-941F-B50891E07A94}
		{C1D2DE12-0839-4E56-83BF-D85022889C98} = {C67CAA53-B202-406E-941F-B50891E07A94}
	EndGlobalSection
	GlobalSection(ExtensibilityGlobals) = postSolution
		SolutionGuid = {150113EA-7C18-4106-B86D-2772DDB72E66}
	EndGlobalSection
EndGlobal
